<?xml version="1.0" encoding="utf-8"?>
<Project ToolsVersion="4.0" xmlns="http://schemas.microsoft.com/developer/msbuild/2003">
  <ItemGroup>
    <Filter Include="Source Files">
      <UniqueIdentifier>{4FC737F1-C7A5-4376-A066-2A32D752A2FF}</UniqueIdentifier>
      <Extensions>cpp;c;cc;cxx;def;odl;idl;hpj;bat;asm;asmx</Extensions>
    </Filter>
    <Filter Include="Header Files">
      <UniqueIdentifier>{93995380-89BD-4b04-88EB-625FBE52EBFB}</UniqueIdentifier>
      <Extensions>h;hh;hpp;hxx;hm;inl;inc;xsd</Extensions>
    </Filter>
    <Filter Include="Resource Files">
      <UniqueIdentifier>{67DA6AB6-F800-4c08-8B7A-83BB121AAD01}</UniqueIdentifier>
      <Extensions>rc;ico;cur;bmp;dlg;rc2;rct;bin;rgs;gif;jpg;jpeg;jpe;resx;tiff;tif;png;wav;mfcribbon-ms</Extensions>
    </Filter>
    <Filter Include="Source Files\Input">
      <UniqueIdentifier>{ce9bc6e6-13b8-4e2f-a18e-7d25b02942c3}</UniqueIdentifier>
    </Filter>
    <Filter Include="Header Files\Input">
      <UniqueIdentifier>{8f0fec16-2b22-43db-99dd-d2e01d85f825}</UniqueIdentifier>
    </Filter>
    <Filter Include="Header Files\primatives">
      <UniqueIdentifier>{faf5d1e1-713c-4a21-ae41-2e067d4f4205}</UniqueIdentifier>
    </Filter>
    <Filter Include="Source Files\primatives">
      <UniqueIdentifier>{de93e36d-01ce-48f6-8ec7-eac5f762620d}</UniqueIdentifier>
    </Filter>
  </ItemGroup>
  <ItemGroup>
    <ClInclude Include="targetver.h">
      <Filter>Header Files</Filter>
    </ClInclude>
    <ClInclude Include="GLFWCallbackHandler.h">
      <Filter>Header Files\Input</Filter>
    </ClInclude>
    <ClInclude Include="GLFWCallback.h">
      <Filter>Header Files\Input</Filter>
    </ClInclude>
    <ClInclude Include="Display.h">
      <Filter>Header Files</Filter>
    </ClInclude>
    <ClInclude Include="Shader.h">
      <Filter>Header Files</Filter>
    </ClInclude>
    <ClInclude Include="FileReader.h">
      <Filter>Header Files</Filter>
    </ClInclude>
    <ClInclude Include="Camera.h">
      <Filter>Header Files</Filter>
    </ClInclude>
    <ClInclude Include="MVPTransform.h">
      <Filter>Header Files\primatives</Filter>
    </ClInclude>
    <ClInclude Include="SharedData.h">
      <Filter>Header Files\primatives</Filter>
    </ClInclude>
    <ClInclude Include="Vertex.h">
      <Filter>Header Files\primatives</Filter>
    </ClInclude>
    <ClInclude Include="Mesh.h">
      <Filter>Header Files\primatives</Filter>
    </ClInclude>
    <ClInclude Include="MeshManager.h">
      <Filter>Header Files</Filter>
    </ClInclude>
  </ItemGroup>
  <ItemGroup>
    <ClCompile Include="GLFWCallbackHandler.cpp">
      <Filter>Source Files\Input</Filter>
    </ClCompile>
    <ClCompile Include="GLFWCallback.cpp">
      <Filter>Source Files\Input</Filter>
    </ClCompile>
    <ClCompile Include="Main.cpp">
      <Filter>Source Files</Filter>
    </ClCompile>
    <ClCompile Include="Display.cpp">
      <Filter>Source Files</Filter>
    </ClCompile>
    <ClCompile Include="Shader.cpp">
      <Filter>Source Files</Filter>
    </ClCompile>
    <ClCompile Include="FileReader.cpp">
      <Filter>Source Files</Filter>
    </ClCompile>
    <ClCompile Include="Camera.cpp">
      <Filter>Source Files</Filter>
    </ClCompile>
    <ClCompile Include="MeshManager.cpp">
      <Filter>Source Files</Filter>
    </ClCompile>
    <ClCompile Include="Mesh.cpp">
      <Filter>Source Files\primatives</Filter>
    </ClCompile>
  </ItemGroup>
  <ItemGroup>
    <None Include="shader.frag">
      <Filter>Resource Files</Filter>
    </None>
    <None Include="shader.vert">
      <Filter>Resource Files</Filter>
    </None>
  </ItemGroup>
</Project>